
Microsoft Visual Studio Solution File, Format Version 12.00
# Visual Studio 15
VisualStudioVersion = 15.0.26730.16
MinimumVisualStudioVersion = 10.0.40219.1
Project("{8BC9CEB8-8B4A-11D0-8D11-00A0C91BC942}") = "reaper_csurf_integrator", "reaper_csurf_integrator\reaper_csurf_integrator.vcxproj", "{07525C13-3611-4726-ADB4-2EA085EDCDC6}"
EndProject
Global
	GlobalSection(SolutionConfigurationPlatforms) = preSolution
		Debug|x64 = Debug|x64
		Debug|x86 = Debug|x86
		Release|x64 = Release|x64
		Release|x86 = Release|x86
	EndGlobalSection
	GlobalSection(ProjectConfigurationPlatforms) = postSolution
		{07525C13-3611-4726-ADB4-2EA085EDCDC6}.Debug|x64.ActiveCfg = Release|x64
		{07525C13-3611-4726-ADB4-2EA085EDCDC6}.Debug|x64.Build.0 = Release|x64
		{07525C13-3611-4726-ADB4-2EA085EDCDC6}.Debug|x86.ActiveCfg = Debug|Win32
		{07525C13-3611-4726-ADB4-2EA085EDCDC6}.Debug|x86.Build.0 = Debug|Win32
		{07525C13-3611-4726-ADB4-2EA085EDCDC6}.Release|x64.ActiveCfg = Release|Win32
		{07525C13-3611-4726-ADB4-2EA085EDCDC6}.Release|x64.Build.0 = Release|Win32
		{07525C13-3611-4726-ADB4-2EA085EDCDC6}.Release|x86.ActiveCfg = Release|Win32
		{07525C13-3611-4726-ADB4-2EA085EDCDC6}.Release|x86.Build.0 = Release|Win32
	EndGlobalSection
	GlobalSection(SolutionProperties) = preSolution
		HideSolutionNode = FALSE
	EndGlobalSection
	GlobalSection(ExtensibilityGlobals) = postSolution
		SolutionGuid = {CD2084E7-C540-4E89-8C57-D40AC996CE44}
	EndGlobalSection
EndGlobal
